
Microsoft Visual Studio Solution File, Format Version 12.00
# Visual Studio Version 16
VisualStudioVersion = 16.0.30011.22
MinimumVisualStudioVersion = 10.0.40219.1
Project("{FAE04EC0-301F-11D3-BF4B-00C04F79EFBC}") = "ATPT_Biletar", "ATPT_Biletar\ATPT_Biletar.csproj", "{03EE9DA5-659A-4498-93A2-3781A00A5EB8}"
EndProject
Global
	GlobalSection(SolutionConfigurationPlatforms) = preSolution
		Debug|Any CPU = Debug|Any CPU
		Release|Any CPU = Release|Any CPU
	EndGlobalSection
	GlobalSection(ProjectConfigurationPlatforms) = postSolution
		{03EE9DA5-659A-4498-93A2-3781A00A5EB8}.Debug|Any CPU.ActiveCfg = Debug|Any CPU
		{03EE9DA5-659A-4498-93A2-3781A00A5EB8}.Debug|Any CPU.Build.0 = Debug|Any CPU
		{03EE9DA5-659A-4498-93A2-3781A00A5EB8}.Release|Any CPU.ActiveCfg = Release|Any CPU
		{03EE9DA5-659A-4498-93A2-3781A00A5EB8}.Release|Any CPU.Build.0 = Release|Any CPU
	EndGlobalSection
	GlobalSection(SolutionProperties) = preSolution
		HideSolutionNode = FALSE
	EndGlobalSection
	GlobalSection(ExtensibilityGlobals) = postSolution
		SolutionGuid = {7AE7A088-5866-4F11-8F86-E03D58F64813}
	EndGlobalSection
EndGlobal
